
Microsoft Visual Studio Solution File, Format Version 12.00
# Visual Studio Version 17
VisualStudioVersion = 17.5.33502.453
MinimumVisualStudioVersion = 10.0.40219.1
Project("{FAE04EC0-301F-11D3-BF4B-00C04F79EFBC}") = "Client1", "Client1\Client1.csproj", "{D29D30C6-FF20-4ABC-A8D6-98794B4A626F}"
EndProject
Project("{FAE04EC0-301F-11D3-BF4B-00C04F79EFBC}") = "Servidor", "Servidor\Servidor.csproj", "{C9FA2B67-5362-40E3-AAD1-693D83753357}"
EndProject
Global
	GlobalSection(SolutionConfigurationPlatforms) = preSolution
		Debug|Any CPU = Debug|Any CPU
		Release|Any CPU = Release|Any CPU
	EndGlobalSection
	GlobalSection(ProjectConfigurationPlatforms) = postSolution
		{D29D30C6-FF20-4ABC-A8D6-98794B4A626F}.Debug|Any CPU.ActiveCfg = Debug|Any CPU
		{D29D30C6-FF20-4ABC-A8D6-98794B4A626F}.Debug|Any CPU.Build.0 = Debug|Any CPU
		{D29D30C6-FF20-4ABC-A8D6-98794B4A626F}.Release|Any CPU.ActiveCfg = Release|Any CPU
		{D29D30C6-FF20-4ABC-A8D6-98794B4A626F}.Release|Any CPU.Build.0 = Release|Any CPU
		{C9FA2B67-5362-40E3-AAD1-693D83753357}.Debug|Any CPU.ActiveCfg = Debug|Any CPU
		{C9FA2B67-5362-40E3-AAD1-693D83753357}.Debug|Any CPU.Build.0 = Debug|Any CPU
		{C9FA2B67-5362-40E3-AAD1-693D83753357}.Release|Any CPU.ActiveCfg = Release|Any CPU
		{C9FA2B67-5362-40E3-AAD1-693D83753357}.Release|Any CPU.Build.0 = Release|Any CPU
	EndGlobalSection
	GlobalSection(SolutionProperties) = preSolution
		HideSolutionNode = FALSE
	EndGlobalSection
	GlobalSection(ExtensibilityGlobals) = postSolution
		SolutionGuid = {677C273E-C2F1-47F8-AB67-8DD11A29F0E0}
	EndGlobalSection
EndGlobal
